# This file is automatically @generated by Cargo.
# It is not intended for manual editing.
version = 3

[[package]]
name = "verse-app"
version = "0.1.0"
dependencies = [
 "verse-asr",
 "verse-audio",
 "verse-core",
 "verse-model",
]

[[package]]
name = "verse-asr"
version = "0.1.0"
dependencies = [
 "verse-core",
]

[[package]]
name = "verse-audio"
version = "0.1.0"
dependencies = [
 "verse-core",
]

[[package]]
name = "verse-cli"
version = "0.1.0"
dependencies = [
 "verse-asr",
 "verse-audio",
 "verse-core",
 "verse-model",
]

[[package]]
name = "verse-core"
version = "0.1.0"

[[package]]
name = "verse-model"
version = "0.1.0"
dependencies = [
 "verse-core",
]
